// !$*UTF8*$!
{
	archiveVersion = 1;
	classes = {
	};
	objectVersion = 56;
	objects = {

/* Begin PBXBuildFile section */
		7CF0751A2BE4F7EB0033D395 /* TypingIndicatorWithGIFApp.swift in Sources */ = {isa = PBXBuildFile; fileRef = 7CF075192BE4F7EB0033D395 /* TypingIndicatorWithGIFApp.swift */; };
		7CF0751C2BE4F7EB0033D395 /* ContentView.swift in Sources */ = {isa = PBXBuildFile; fileRef = 7CF0751B2BE4F7EB0033D395 /* ContentView.swift */; };
		7CF0751E2BE4F7ED0033D395 /* Assets.xcassets in Resources */ = {isa = PBXBuildFile; fileRef = 7CF0751D2BE4F7ED0033D395 /* Assets.xcassets */; };
		7CF075212BE4F7ED0033D395 /* Preview Assets.xcassets in Resources */ = {isa = PBXBuildFile; fileRef = 7CF075202BE4F7ED0033D395 /* Preview Assets.xcassets */; };
		7CF075292BE4F8240033D395 /* SDWebImage in Frameworks */ = {isa = PBXBuildFile; productRef = 7CF075282BE4F8240033D395 /* SDWebImage */; };
		7CF0752B2BE4F8240033D395 /* SDWebImageMapKit in Frameworks */ = {isa = PBXBuildFile; productRef = 7CF0752A2BE4F8240033D395 /* SDWebImageMapKit */; };
		7CF0752E2BE4F8330033D395 /* SDWebImageSwiftUI in Frameworks */ = {isa = PBXBuildFile; productRef = 7CF0752D2BE4F8330033D395 /* SDWebImageSwiftUI */; };
		7CF075302BE4F85B0033D395 /* jumpingDots.gif in Resources */ = {isa = PBXBuildFile; fileRef = 7CF0752F2BE4F85A0033D395 /* jumpingDots.gif */; };
/* End PBXBuildFile section */

/* Begin PBXFileReference section */
		7CF075162BE4F7EB0033D395 /* TypingIndicatorWithGIF.app */ = {isa = PBXFileReference; explicitFileType = wrapper.application; includeInIndex = 0; path = TypingIndicatorWithGIF.app; sourceTree = BUILT_PRODUCTS_DIR; };
		7CF075192BE4F7EB0033D395 /* TypingIndicatorWithGIFApp.swift */ = {isa = PBXFileReference; lastKnownFileType = sourcecode.swift; path = TypingIndicatorWithGIFApp.swift; sourceTree = "<group>"; };
		7CF0751B2BE4F7EB0033D395 /* ContentView.swift */ = {isa = PBXFileReference; lastKnownFileType = sourcecode.swift; path = ContentView.swift; sourceTree = "<group>"; };
		7CF0751D2BE4F7ED0033D395 /* Assets.xcassets */ = {isa = PBXFileReference; lastKnownFileType = folder.assetcatalog; path = Assets.xcassets; sourceTree = "<group>"; };
		7CF075202BE4F7ED0033D395 /* Preview Assets.xcassets */ = {isa = PBXFileReference; lastKnownFileType = folder.assetcatalog; path = "Preview Assets.xcassets"; sourceTree = "<group>"; };
		7CF0752F2BE4F85A0033D395 /* jumpingDots.gif */ = {isa = PBXFileReference; lastKnownFileType = image.gif; path = jumpingDots.gif; sourceTree = "<group>"; };
/* End PBXFileReference section */

/* Begin PBXFrameworksBuildPhase section */
		7CF075132BE4F7EB0033D395 /* Frameworks */ = {
			isa = PBXFrameworksBuildPhase;
			buildActionMask = 2147483647;
			files = (
				7CF0752E2BE4F8330033D395 /* SDWebImageSwiftUI in Frameworks */,
				7CF0752B2BE4F8240033D395 /* SDWebImageMapKit in Frameworks */,
				7CF075292BE4F8240033D395 /* SDWebImage in Frameworks */,
			);
			runOnlyForDeploymentPostprocessing = 0;
		};
/* End PBXFrameworksBuildPhase section */

/* Begin PBXGroup section */
		7CF0750D2BE4F7EB0033D395 = {
			isa = PBXGroup;
			children = (
				7CF075182BE4F7EB0033D395 /* TypingIndicatorWithGIF */,
				7CF075172BE4F7EB0033D395 /* Products */,
			);
			sourceTree = "<group>";
		};
		7CF075172BE4F7EB0033D395 /* Products */ = {
			isa = PBXGroup;
			children = (
				7CF075162BE4F7EB0033D395 /* TypingIndicatorWithGIF.app */,
			);
			name = Products;
			sourceTree = "<group>";
		};
		7CF075182BE4F7EB0033D395 /* TypingIndicatorWithGIF */ = {
			isa = PBXGroup;
			children = (
				7CF0752F2BE4F85A0033D395 /* jumpingDots.gif */,
				7CF075192BE4F7EB0033D395 /* TypingIndicatorWithGIFApp.swift */,
				7CF0751B2BE4F7EB0033D395 /* ContentView.swift */,
				7CF0751D2BE4F7ED0033D395 /* Assets.xcassets */,
				7CF0751F2BE4F7ED0033D395 /* Preview Content */,
			);
			path = TypingIndicatorWithGIF;
			sourceTree = "<group>";
		};
		7CF0751F2BE4F7ED0033D395 /* Preview Content */ = {
			isa = PBXGroup;
			children = (
				7CF075202BE4F7ED0033D395 /* Preview Assets.xcassets */,
			);
			path = "Preview Content";
			sourceTree = "<group>";
		};
/* End PBXGroup section */

/* Begin PBXNativeTarget section */
		7CF075152BE4F7EB0033D395 /* TypingIndicatorWithGIF */ = {
			isa = PBXNativeTarget;
			buildConfigurationList = 7CF075242BE4F7ED0033D395 /* Build configuration list for PBXNativeTarget "TypingIndicatorWithGIF" */;
			buildPhases = (
				7CF075122BE4F7EB0033D395 /* Sources */,
				7CF075132BE4F7EB0033D395 /* Frameworks */,
				7CF075142BE4F7EB0033D395 /* Resources */,
			);
			buildRules = (
			);
			dependencies = (
			);
			name = TypingIndicatorWithGIF;
			packageProductDependencies = (
				7CF075282BE4F8240033D395 /* SDWebImage */,
				7CF0752A2BE4F8240033D395 /* SDWebImageMapKit */,
				7CF0752D2BE4F8330033D395 /* SDWebImageSwiftUI */,
			);
			productName = TypingIndicatorWithGIF;
			productReference = 7CF075162BE4F7EB0033D395 /* TypingIndicatorWithGIF.app */;
			productType = "com.apple.product-type.application";
		};
/* End PBXNativeTarget section */

/* Begin PBXProject section */
		7CF0750E2BE4F7EB0033D395 /* Project object */ = {
			isa = PBXProject;
			attributes = {
				BuildIndependentTargetsInParallel = 1;
				LastSwiftUpdateCheck = 1520;
				LastUpgradeCheck = 1520;
				TargetAttributes = {
					7CF075152BE4F7EB0033D395 = {
						CreatedOnToolsVersion = 15.2;
					};
				};
			};
			buildConfigurationList = 7CF075112BE4F7EB0033D395 /* Build configuration list for PBXProject "TypingIndicatorWithGIF" */;
			compatibilityVersion = "Xcode 14.0";
			developmentRegion = en;
			hasScannedForEncodings = 0;
			knownRegions = (
				en,
				Base,
			);
			mainGroup = 7CF0750D2BE4F7EB0033D395;
			packageReferences = (
				7CF075272BE4F8240033D395 /* XCRemoteSwiftPackageReference "SDWebImage" */,
				7CF0752C2BE4F8330033D395 /* XCRemoteSwiftPackageReference "SDWebImageSwiftUI" */,
			);
			productRefGroup = 7CF075172BE4F7EB0033D395 /* Products */;
			projectDirPath = "";
			projectRoot = "";
			targets = (
				7CF075152BE4F7EB0033D395 /* TypingIndicatorWithGIF */,
			);
		};
/* End PBXProject section */

/* Begin PBXResourcesBuildPhase section */
		7CF075142BE4F7EB0033D395 /* Resources */ = {
			isa = PBXResourcesBuildPhase;
			buildActionMask = 2147483647;
			files = (
				7CF075302BE4F85B0033D395 /* jumpingDots.gif in Resources */,
				7CF075212BE4F7ED0033D395 /* Preview Assets.xcassets in Resources */,
				7CF0751E2BE4F7ED0033D395 /* Assets.xcassets in Resources */,
			);
			runOnlyForDeploymentPostprocessing = 0;
		};
/* End PBXResourcesBuildPhase section */

/* Begin PBXSourcesBuildPhase section */
		7CF075122BE4F7EB0033D395 /* Sources */ = {
			isa = PBXSourcesBuildPhase;
			buildActionMask = 2147483647;
			files = (
				7CF0751C2BE4F7EB0033D395 /* ContentView.swift in Sources */,
				7CF0751A2BE4F7EB0033D395 /* TypingIndicatorWithGIFApp.swift in Sources */,
			);
			runOnlyForDeploymentPostprocessing = 0;
		};
/* End PBXSourcesBuildPhase section */

/* Begin XCBuildConfiguration section */
		7CF075222BE4F7ED0033D395 /* Debug */ = {
			isa = XCBuildConfiguration;
			buildSettings = {
				ALWAYS_SEARCH_USER_PATHS = NO;
				ASSETCATALOG_COMPILER_GENERATE_SWIFT_ASSET_SYMBOL_EXTENSIONS = YES;
				CLANG_ANALYZER_NONNULL = YES;
				CLANG_ANALYZER_NUMBER_OBJECT_CONVERSION = YES_AGGRESSIVE;
				CLANG_CXX_LANGUAGE_STANDARD = "gnu++20";
				CLANG_ENABLE_MODULES = YES;
				CLANG_ENABLE_OBJC_ARC = YES;
				CLANG_ENABLE_OBJC_WEAK = YES;
				CLANG_WARN_BLOCK_CAPTURE_AUTORELEASING = YES;
				CLANG_WARN_BOOL_CONVERSION = YES;
				CLANG_WARN_COMMA = YES;
				CLANG_WARN_CONSTANT_CONVERSION = YES;
				CLANG_WARN_DEPRECATED_OBJC_IMPLEMENTATIONS = YES;
				CLANG_WARN_DIRECT_OBJC_ISA_USAGE = YES_ERROR;
				CLANG_WARN_DOCUMENTATION_COMMENTS = YES;
				CLANG_WARN_EMPTY_BODY = YES;
				CLANG_WARN_ENUM_CONVERSION = YES;
				CLANG_WARN_INFINITE_RECURSION = YES;
				CLANG_WARN_INT_CONVERSION = YES;
				CLANG_WARN_NON_LITERAL_NULL_CONVERSION = YES;
				CLANG_WARN_OBJC_IMPLICIT_RETAIN_SELF = YES;
				CLANG_WARN_OBJC_LITERAL_CONVERSION = YES;
				CLANG_WARN_OBJC_ROOT_CLASS = YES_ERROR;
				CLANG_WARN_QUOTED_INCLUDE_IN_FRAMEWORK_HEADER = YES;
				CLANG_WARN_RANGE_LOOP_ANALYSIS = YES;
				CLANG_WARN_STRICT_PROTOTYPES = YES;
				CLANG_WARN_SUSPICIOUS_MOVE = YES;
				CLANG_WARN_UNGUARDED_AVAILABILITY = YES_AGGRESSIVE;
				CLANG_WARN_UNREACHABLE_CODE = YES;
				CLANG_WARN__DUPLICATE_METHOD_MATCH = YES;
				COPY_PHASE_STRIP = NO;
				DEBUG_INFORMATION_FORMAT = dwarf;
				ENABLE_STRICT_OBJC_MSGSEND = YES;
				ENABLE_TESTABILITY = YES;
				ENABLE_USER_SCRIPT_SANDBOXING = YES;
				GCC_C_LANGUAGE_STANDARD = gnu17;
				GCC_DYNAMIC_NO_PIC = NO;
				GCC_NO_COMMON_BLOCKS = YES;
				GCC_OPTIMIZATION_LEVEL = 0;
				GCC_PREPROCESSOR_DEFINITIONS = (
					"DEBUG=1",
					"$(inherited)",
				);
				GCC_WARN_64_TO_32_BIT_CONVERSION = YES;
				GCC_WARN_ABOUT_RETURN_TYPE = YES_ERROR;
				GCC_WARN_UNDECLARED_SELECTOR = YES;
				GCC_WARN_UNINITIALIZED_AUTOS = YES_AGGRESSIVE;
				GCC_WARN_UNUSED_FUNCTION = YES;
				GCC_WARN_UNUSED_VARIABLE = YES;
				IPHONEOS_DEPLOYMENT_TARGET = 17.2;
				LOCALIZATION_PREFERS_STRING_CATALOGS = YES;
				MTL_ENABLE_DEBUG_INFO = INCLUDE_SOURCE;
				MTL_FAST_MATH = YES;
				ONLY_ACTIVE_ARCH = YES;
				SDKROOT = iphoneos;
				SWIFT_ACTIVE_COMPILATION_CONDITIONS = "DEBUG $(inherited)";
				SWIFT_OPTIMIZATION_LEVEL = "-Onone";
			};
			name = Debug;
		};
		7CF075232BE4F7ED0033D395 /* Release */ = {
			isa = XCBuildConfiguration;
			buildSettings = {
				ALWAYS_SEARCH_USER_PATHS = NO;
				ASSETCATALOG_COMPILER_GENERATE_SWIFT_ASSET_SYMBOL_EXTENSIONS = YES;
				CLANG_ANALYZER_NONNULL = YES;
				CLANG_ANALYZER_NUMBER_OBJECT_CONVERSION = YES_AGGRESSIVE;
				CLANG_CXX_LANGUAGE_STANDARD = "gnu++20";
				CLANG_ENABLE_MODULES = YES;
				CLANG_ENABLE_OBJC_ARC = YES;
				CLANG_ENABLE_OBJC_WEAK = YES;
				CLANG_WARN_BLOCK_CAPTURE_AUTORELEASING = YES;
				CLANG_WARN_BOOL_CONVERSION = YES;
				CLANG_WARN_COMMA = YES;
				CLANG_WARN_CONSTANT_CONVERSION = YES;
				CLANG_WARN_DEPRECATED_OBJC_IMPLEMENTATIONS = YES;
				CLANG_WARN_DIRECT_OBJC_ISA_USAGE = YES_ERROR;
				CLANG_WARN_DOCUMENTATION_COMMENTS = YES;
				CLANG_WARN_EMPTY_BODY = YES;
				CLANG_WARN_ENUM_CONVERSION = YES;
				CLANG_WARN_INFINITE_RECURSION = YES;
				CLANG_WARN_INT_CONVERSION = YES;
				CLANG_WARN_NON_LITERAL_NULL_CONVERSION = YES;
				CLANG_WARN_OBJC_IMPLICIT_RETAIN_SELF = YES;
				CLANG_WARN_OBJC_LITERAL_CONVERSION = YES;
				CLANG_WARN_OBJC_ROOT_CLASS = YES_ERROR;
				CLANG_WARN_QUOTED_INCLUDE_IN_FRAMEWORK_HEADER = YES;
				CLANG_WARN_RANGE_LOOP_ANALYSIS = YES;
				CLANG_WARN_STRICT_PROTOTYPES = YES;
				CLANG_WARN_SUSPICIOUS_MOVE = YES;
				CLANG_WARN_UNGUARDED_AVAILABILITY = YES_AGGRESSIVE;
				CLANG_WARN_UNREACHABLE_CODE = YES;
				CLANG_WARN__DUPLICATE_METHOD_MATCH = YES;
				COPY_PHASE_STRIP = NO;
				DEBUG_INFORMATION_FORMAT = "dwarf-with-dsym";
				ENABLE_NS_ASSERTIONS = NO;
				ENABLE_STRICT_OBJC_MSGSEND = YES;
				ENABLE_USER_SCRIPT_SANDBOXING = YES;
				GCC_C_LANGUAGE_STANDARD = gnu17;
				GCC_NO_COMMON_BLOCKS = YES;
				GCC_WARN_64_TO_32_BIT_CONVERSION = YES;
				GCC_WARN_ABOUT_RETURN_TYPE = YES_ERROR;
				GCC_WARN_UNDECLARED_SELECTOR = YES;
				GCC_WARN_UNINITIALIZED_AUTOS = YES_AGGRESSIVE;
				GCC_WARN_UNUSED_FUNCTION = YES;
				GCC_WARN_UNUSED_VARIABLE = YES;
				IPHONEOS_DEPLOYMENT_TARGET = 17.2;
				LOCALIZATION_PREFERS_STRING_CATALOGS = YES;
				MTL_ENABLE_DEBUG_INFO = NO;
				MTL_FAST_MATH = YES;
				SDKROOT = iphoneos;
				SWIFT_COMPILATION_MODE = wholemodule;
				VALIDATE_PRODUCT = YES;
			};
			name = Release;
		};
		7CF075252BE4F7ED0033D395 /* Debug */ = {
			isa = XCBuildConfiguration;
			buildSettings = {
				ASSETCATALOG_COMPILER_APPICON_NAME = AppIcon;
				ASSETCATALOG_COMPILER_GLOBAL_ACCENT_COLOR_NAME = AccentColor;
				CODE_SIGN_STYLE = Automatic;
				CURRENT_PROJECT_VERSION = 1;
				DEVELOPMENT_ASSET_PATHS = "\"TypingIndicatorWithGIF/Preview Content\"";
				ENABLE_PREVIEWS = YES;
				GENERATE_INFOPLIST_FILE = YES;
				INFOPLIST_KEY_UIApplicationSceneManifest_Generation = YES;
				INFOPLIST_KEY_UIApplicationSupportsIndirectInputEvents = YES;
				INFOPLIST_KEY_UILaunchScreen_Generation = YES;
				INFOPLIST_KEY_UISupportedInterfaceOrientations_iPad = "UIInterfaceOrientationPortrait UIInterfaceOrientationPortraitUpsideDown UIInterfaceOrientationLandscapeLeft UIInterfaceOrientationLandscapeRight";
				INFOPLIST_KEY_UISupportedInterfaceOrientations_iPhone = "UIInterfaceOrientationPortrait UIInterfaceOrientationLandscapeLeft UIInterfaceOrientationLandscapeRight";
				LD_RUNPATH_SEARCH_PATHS = (
					"$(inherited)",
					"@executable_path/Frameworks",
				);
				MARKETING_VERSION = 1.0;
				PRODUCT_BUNDLE_IDENTIFIER = com.sws.TypingIndicatorWithGIF;
				PRODUCT_NAME = "$(TARGET_NAME)";
				SWIFT_EMIT_LOC_STRINGS = YES;
				SWIFT_VERSION = 5.0;
				TARGETED_DEVICE_FAMILY = "1,2";
			};
			name = Debug;
		};
		7CF075262BE4F7ED0033D395 /* Release */ = {
			isa = XCBuildConfiguration;
			buildSettings = {
				ASSETCATALOG_COMPILER_APPICON_NAME = AppIcon;
				ASSETCATALOG_COMPILER_GLOBAL_ACCENT_COLOR_NAME = AccentColor;
				CODE_SIGN_STYLE = Automatic;
				CURRENT_PROJECT_VERSION = 1;
				DEVELOPMENT_ASSET_PATHS = "\"TypingIndicatorWithGIF/Preview Content\"";
				ENABLE_PREVIEWS = YES;
				GENERATE_INFOPLIST_FILE = YES;
				INFOPLIST_KEY_UIApplicationSceneManifest_Generation = YES;
				INFOPLIST_KEY_UIApplicationSupportsIndirectInputEvents = YES;
				INFOPLIST_KEY_UILaunchScreen_Generation = YES;
				INFOPLIST_KEY_UISupportedInterfaceOrientations_iPad = "UIInterfaceOrientationPortrait UIInterfaceOrientationPortraitUpsideDown UIInterfaceOrientationLandscapeLeft UIInterfaceOrientationLandscapeRight";
				INFOPLIST_KEY_UISupportedInterfaceOrientations_iPhone = "UIInterfaceOrientationPortrait UIInterfaceOrientationLandscapeLeft UIInterfaceOrientationLandscapeRight";
				LD_RUNPATH_SEARCH_PATHS = (
					"$(inherited)",
					"@executable_path/Frameworks",
				);
				MARKETING_VERSION = 1.0;
				PRODUCT_BUNDLE_IDENTIFIER = com.sws.TypingIndicatorWithGIF;
				PRODUCT_NAME = "$(TARGET_NAME)";
				SWIFT_EMIT_LOC_STRINGS = YES;
				SWIFT_VERSION = 5.0;
				TARGETED_DEVICE_FAMILY = "1,2";
			};
			name = Release;
		};
/* End XCBuildConfiguration section */

/* Begin XCConfigurationList section */
		7CF075112BE4F7EB0033D395 /* Build configuration list for PBXProject "TypingIndicatorWithGIF" */ = {
			isa = XCConfigurationList;
			buildConfigurations = (
				7CF075222BE4F7ED0033D395 /* Debug */,
				7CF075232BE4F7ED0033D395 /* Release */,
			);
			defaultConfigurationIsVisible = 0;
			defaultConfigurationName = Release;
		};
		7CF075242BE4F7ED0033D395 /* Build configuration list for PBXNativeTarget "TypingIndicatorWithGIF" */ = {
			isa = XCConfigurationList;
			buildConfigurations = (
				7CF075252BE4F7ED0033D395 /* Debug */,
				7CF075262BE4F7ED0033D395 /* Release */,
			);
			defaultConfigurationIsVisible = 0;
			defaultConfigurationName = Release;
		};
/* End XCConfigurationList section */

/* Begin XCRemoteSwiftPackageReference section */
		7CF075272BE4F8240033D395 /* XCRemoteSwiftPackageReference "SDWebImage" */ = {
			isa = XCRemoteSwiftPackageReference;
			repositoryURL = "https://github.com/SDWebImage/SDWebImage.git";
			requirement = {
				kind = upToNextMajorVersion;
				minimumVersion = 5.19.1;
			};
		};
		7CF0752C2BE4F8330033D395 /* XCRemoteSwiftPackageReference "SDWebImageSwiftUI" */ = {
			isa = XCRemoteSwiftPackageReference;
			repositoryURL = "https://github.com/SDWebImage/SDWebImageSwiftUI.git";
			requirement = {
				kind = upToNextMajorVersion;
				minimumVersion = 3.0.4;
			};
		};
/* End XCRemoteSwiftPackageReference section */

/* Begin XCSwiftPackageProductDependency section */
		7CF075282BE4F8240033D395 /* SDWebImage */ = {
			isa = XCSwiftPackageProductDependency;
			package = 7CF075272BE4F8240033D395 /* XCRemoteSwiftPackageReference "SDWebImage" */;
			productName = SDWebImage;
		};
		7CF0752A2BE4F8240033D395 /* SDWebImageMapKit */ = {
			isa = XCSwiftPackageProductDependency;
			package = 7CF075272BE4F8240033D395 /* XCRemoteSwiftPackageReference "SDWebImage" */;
			productName = SDWebImageMapKit;
		};
		7CF0752D2BE4F8330033D395 /* SDWebImageSwiftUI */ = {
			isa = XCSwiftPackageProductDependency;
			package = 7CF0752C2BE4F8330033D395 /* XCRemoteSwiftPackageReference "SDWebImageSwiftUI" */;
			productName = SDWebImageSwiftUI;
		};
/* End XCSwiftPackageProductDependency section */
	};
	rootObject = 7CF0750E2BE4F7EB0033D395 /* Project object */;
}
